
Microsoft Visual Studio Solution File, Format Version 12.00
# Visual Studio Version 17
VisualStudioVersion = 17.5.002.0
MinimumVisualStudioVersion = 10.0.40219.1
Project("{9A19103F-16F7-4668-BE54-9A1E7A4F7556}") = "Schnaver", "Schnaver.csproj", "{18522129-2BCB-4819-8D6E-A34EBEAB78CB}"
EndProject
Global
	GlobalSection(SolutionConfigurationPlatforms) = preSolution
		Debug|Any CPU = Debug|Any CPU
		Release|Any CPU = Release|Any CPU
	EndGlobalSection
	GlobalSection(ProjectConfigurationPlatforms) = postSolution
		{18522129-2BCB-4819-8D6E-A34EBEAB78CB}.Debug|Any CPU.ActiveCfg = Debug|Any CPU
		{18522129-2BCB-4819-8D6E-A34EBEAB78CB}.Debug|Any CPU.Build.0 = Debug|Any CPU
		{18522129-2BCB-4819-8D6E-A34EBEAB78CB}.Release|Any CPU.ActiveCfg = Release|Any CPU
		{18522129-2BCB-4819-8D6E-A34EBEAB78CB}.Release|Any CPU.Build.0 = Release|Any CPU
	EndGlobalSection
	GlobalSection(SolutionProperties) = preSolution
		HideSolutionNode = FALSE
	EndGlobalSection
	GlobalSection(ExtensibilityGlobals) = postSolution
		SolutionGuid = {DA361785-E1EB-4400-B76D-DD4927437412}
	EndGlobalSection
EndGlobal
